PODS:
  - FlutterMacOS (1.0.0)
  - smart_auth (0.0.1):
    - FlutterMacOS

DEPENDENCIES:
  - FlutterMacOS (from `Flutter/ephemeral`)
  - smart_auth (from `Flutter/ephemeral/.symlinks/plugins/smart_auth/macos`)

EXTERNAL SOURCES:
  FlutterMacOS:
    :path: Flutter/ephemeral
  smart_auth:
    :path: Flutter/ephemeral/.symlinks/plugins/smart_auth/macos

SPEC CHECKSUMS:
  FlutterMacOS: d0db08ddef1a9af05a5ec4b724367152bb0500b1
  smart_auth: e10f1d22af5d9e1a51964fb1826cb177f993a7e1

PODFILE CHECKSUM: 13edfb9e70ac3646927b8e6c9a212ad1d0fa29b2

COCOAPODS: 1.17.0
